{
  "nodes": {
    "disko": {
      "inputs": {
        "nixpkgs": [
          "nixpkgs"
        ]
      },
      "locked": {
        "lastModified": 1729010169,
        "narHash": "sha256-AjgIlXcreagCs6ltT8mzI1UYEiYgfhlwe4Tl3taxQSU=",
        "owner": "nix-community",
        "repo": "disko",
        "rev": "9ab6ae4e632016caac1c7e82e15b12b8c672ed76",
        "type": "github"
      },
      "original": {
        "owner": "nix-community",
        "repo": "disko",
        "type": "github"
      }
    },
    "dwl-alwayscenter-patch": {
      "flake": false,
      "locked": {
        "narHash": "sha256-lZ12iihgadvw7X+2E1k9rRHzYPJS1gBMFDxqnpkcKuw=",
        "type": "file",
        "url": "https://codeberg.org/dwl/dwl-patches/raw/branch/main/patches/alwayscenter/alwayscenter.patch"
      },
      "original": {
        "type": "file",
        "url": "https://codeberg.org/dwl/dwl-patches/raw/branch/main/patches/alwayscenter/alwayscenter.patch"
      }
    },
    "dwl-bar-patch": {
      "flake": false,
      "locked": {
        "narHash": "sha256-MJvkWG5ubzAHscZ5xQVGdDZG/5midvagADbp/lr7aaE=",
        "type": "file",
        "url": "https://codeberg.org/dwl/dwl-patches/raw/branch/main/patches/bar/bar-0.7.patch"
      },
      "original": {
        "type": "file",
        "url": "https://codeberg.org/dwl/dwl-patches/raw/branch/main/patches/bar/bar-0.7.patch"
      }
    },
    "dwl-bar-systray-patch": {
      "flake": false,
      "locked": {
        "narHash": "sha256-VmqZapzTo4MuSOygZeuONnwtBp+99O+5WSGIeDUSMuI=",
        "type": "file",
        "url": "https://codeberg.org/dwl/dwl-patches/raw/branch/main/patches/bar-systray/bar-systray-0.7.patch"
      },
      "original": {
        "type": "file",
        "url": "https://codeberg.org/dwl/dwl-patches/raw/branch/main/patches/bar-systray/bar-systray-0.7.patch"
      }
    },
    "dwl-src": {
      "flake": false,
      "locked": {
        "lastModified": 1724821641,
        "narHash": "sha256-eh5dJ6rnwjqiUXzffhAN5pQ8JUxZEJuJS4G2Dod+wgk=",
        "ref": "0.7",
        "rev": "cfc80c8f44ef47b8da903687f075382a1432ae04",
        "revCount": 1243,
        "type": "git",
        "url": "https://codeberg.org/dwl/dwl"
      },
      "original": {
        "ref": "0.7",
        "type": "git",
        "url": "https://codeberg.org/dwl/dwl"
      }
    },
    "dwl-swallow-patch": {
      "flake": false,
      "locked": {
        "narHash": "sha256-BJ1ByC4iv3U8PF+YBoTkmYhI6y1psW0D6TKUck1Klwc=",
        "type": "file",
        "url": "https://codeberg.org/dwl/dwl-patches/raw/branch/main/patches/swallow/swallow.patch"
      },
      "original": {
        "type": "file",
        "url": "https://codeberg.org/dwl/dwl-patches/raw/branch/main/patches/swallow/swallow.patch"
      }
    },
    "home-manager": {
      "inputs": {
        "nixpkgs": [
          "nixpkgs"
        ]
      },
      "locked": {
        "lastModified": 1728903686,
        "narHash": "sha256-ZHFrGNWDDriZ4m8CA/5kDa250SG1LiiLPApv1p/JF0o=",
        "owner": "nix-community",
        "repo": "home-manager",
        "rev": "e1aec543f5caf643ca0d94b6a633101942fd065f",
        "type": "github"
      },
      "original": {
        "owner": "nix-community",
        "ref": "master",
        "repo": "home-manager",
        "type": "github"
      }
    },
    "nixpkgs": {
      "locked": {
        "lastModified": 1728888510,
        "narHash": "sha256-nsNdSldaAyu6PE3YUA+YQLqUDJh+gRbBooMMekZJwvI=",
        "owner": "nixos",
        "repo": "nixpkgs",
        "rev": "a3c0b3b21515f74fd2665903d4ce6bc4dc81c77c",
        "type": "github"
      },
      "original": {
        "owner": "nixos",
        "ref": "nixos-unstable",
        "repo": "nixpkgs",
        "type": "github"
      }
    },
    "root": {
      "inputs": {
        "disko": "disko",
        "dwl-alwayscenter-patch": "dwl-alwayscenter-patch",
        "dwl-bar-patch": "dwl-bar-patch",
        "dwl-bar-systray-patch": "dwl-bar-systray-patch",
        "dwl-src": "dwl-src",
        "dwl-swallow-patch": "dwl-swallow-patch",
        "home-manager": "home-manager",
        "nixpkgs": "nixpkgs",
        "statusnotifier-systray-gtk4-src": "statusnotifier-systray-gtk4-src",
        "wallpaper": "wallpaper"
      }
    },
    "statusnotifier-systray-gtk4-src": {
      "flake": false,
      "locked": {
        "lastModified": 1727028303,
        "narHash": "sha256-Zq7kqSAqXyd81bfNHu6riBY3ubovxNb8lUR8IWcBZmU=",
        "ref": "refs/heads/main",
        "rev": "8622f73fcebe997ab23085e0ed8cfdc090a9753f",
        "revCount": 7,
        "type": "git",
        "url": "https://codeberg.org/janetski/statusnotifier-systray-gtk4"
      },
      "original": {
        "type": "git",
        "url": "https://codeberg.org/janetski/statusnotifier-systray-gtk4"
      }
    },
    "wallpaper": {
      "flake": false,
      "locked": {
        "narHash": "sha256-0yiUgR5ifJU3k1jRkSnntoaZD2BrVErHS92VseepVl8=",
        "type": "file",
        "url": "https://raw.githubusercontent.com/Narmis-E/onedark-wallpapers/main/minimal/od_space01.png"
      },
      "original": {
        "type": "file",
        "url": "https://raw.githubusercontent.com/Narmis-E/onedark-wallpapers/main/minimal/od_space01.png"
      }
    }
  },
  "root": "root",
  "version": 7
}
